
Microsoft Visual Studio Solution File, Format Version 12.00
# Visual Studio Version 17
VisualStudioVersion = 17.4.33122.133
MinimumVisualStudioVersion = 10.0.40219.1
Project("{888888A0-9F3D-457C-B088-3A5042F75D52}") = "PythonApplication8", "PythonApplication8\PythonApplication8.pyproj", "{287F0ECE-F293-4655-928D-D675AC0AEE6B}"
EndProject
Global
	GlobalSection(SolutionConfigurationPlatforms) = preSolution
		Debug|Any CPU = Debug|Any CPU
		Release|Any CPU = Release|Any CPU
	EndGlobalSection
	GlobalSection(ProjectConfigurationPlatforms) = postSolution
		{287F0ECE-F293-4655-928D-D675AC0AEE6B}.Debug|Any CPU.ActiveCfg = Debug|Any CPU
		{287F0ECE-F293-4655-928D-D675AC0AEE6B}.Release|Any CPU.ActiveCfg = Release|Any CPU
	EndGlobalSection
	GlobalSection(SolutionProperties) = preSolution
		HideSolutionNode = FALSE
	EndGlobalSection
	GlobalSection(ExtensibilityGlobals) = postSolution
		SolutionGuid = {F35CBA94-FD07-44E6-94CC-C6CD618A1FED}
	EndGlobalSection
EndGlobal
