
Microsoft Visual Studio Solution File, Format Version 12.00
# Visual Studio Version 17
VisualStudioVersion = 17.4.33122.133
MinimumVisualStudioVersion = 10.0.40219.1
Project("{888888A0-9F3D-457C-B088-3A5042F75D52}") = "PythonApplication16", "PythonApplication16\PythonApplication16.pyproj", "{4DABE74E-8D0C-46F6-971D-ACB000136145}"
EndProject
Global
	GlobalSection(SolutionConfigurationPlatforms) = preSolution
		Debug|Any CPU = Debug|Any CPU
		Release|Any CPU = Release|Any CPU
	EndGlobalSection
	GlobalSection(ProjectConfigurationPlatforms) = postSolution
		{4DABE74E-8D0C-46F6-971D-ACB000136145}.Debug|Any CPU.ActiveCfg = Debug|Any CPU
		{4DABE74E-8D0C-46F6-971D-ACB000136145}.Release|Any CPU.ActiveCfg = Release|Any CPU
	EndGlobalSection
	GlobalSection(SolutionProperties) = preSolution
		HideSolutionNode = FALSE
	EndGlobalSection
	GlobalSection(ExtensibilityGlobals) = postSolution
		SolutionGuid = {6E59FC8C-DD13-46BA-8812-4D2A17E56423}
	EndGlobalSection
EndGlobal
